
Microsoft Visual Studio Solution File, Format Version 11.00
# Visual C++ Express 2010
Project("{8BC9CEB8-8B4A-11D0-8D11-00A0C91BC942}") = "01_Basic", "Basic\Basic.vcxproj", "{C5D1D1BB-B9EF-4503-A5C5-2808F567655A}"
EndProject
Project("{8BC9CEB8-8B4A-11D0-8D11-00A0C91BC942}") = "02_Variable", "Variable\Variable.vcxproj", "{9FBCB2DD-C684-4560-A56B-0D4E10CF52CA}"
EndProject
Project("{8BC9CEB8-8B4A-11D0-8D11-00A0C91BC942}") = "03_If", "03_If\03_If.vcxproj", "{6D94A6FF-EC71-41F3-BDBA-9F17D696CBEB}"
EndProject
Project("{8BC9CEB8-8B4A-11D0-8D11-00A0C91BC942}") = "00_Test", "00_Test\00_Test.vcxproj", "{365CF14D-2641-4FA2-9D05-C1E15EBFDFE3}"
EndProject
Project("{8BC9CEB8-8B4A-11D0-8D11-00A0C91BC942}") = "04_While", "04_While\04_While.vcxproj", "{697CFA68-40EC-444B-9729-EBF2621AAAF7}"
EndProject
Project("{8BC9CEB8-8B4A-11D0-8D11-00A0C91BC942}") = "05_For", "05_For\05_For.vcxproj", "{41643358-559A-44DD-AFBB-0B5F086B9469}"
EndProject
Project("{8BC9CEB8-8B4A-11D0-8D11-00A0C91BC942}") = "06_Array", "06_Array\06_Array.vcxproj", "{19F9ACD0-4527-45FB-BC6C-A3F896147DCA}"
EndProject
Project("{8BC9CEB8-8B4A-11D0-8D11-00A0C91BC942}") = "07_Function", "07_Function\07_Function.vcxproj", "{F1146960-DE2B-4FAA-A86D-76EFE149FA5A}"
EndProject
Project("{8BC9CEB8-8B4A-11D0-8D11-00A0C91BC942}") = "08_Pointer", "08_Pointer\08_Pointer.vcxproj", "{ACD5018D-7033-4478-A0E3-C39B47CF5925}"
EndProject
Project("{8BC9CEB8-8B4A-11D0-8D11-00A0C91BC942}") = "09_Malloc", "09_Malloc\09_Malloc.vcxproj", "{2615714C-305C-4339-9310-F04AB37BF480}"
EndProject
Project("{8BC9CEB8-8B4A-11D0-8D11-00A0C91BC942}") = "10_D_Array", "10_D_Array\10_D_Array.vcxproj", "{0347ED9A-8346-41FF-8EF0-779CE8BE070F}"
EndProject
Project("{8BC9CEB8-8B4A-11D0-8D11-00A0C91BC942}") = "11_String", "11_String\11_String.vcxproj", "{3D9D23AB-3C27-45AC-AE4C-ED49054B7011}"
EndProject
Project("{8BC9CEB8-8B4A-11D0-8D11-00A0C91BC942}") = "12_D_Malloc", "12_D_Malloc\12_D_Malloc.vcxproj", "{290DAAD2-EB8A-4735-9AA2-5C4490B44EA4}"
EndProject
Project("{8BC9CEB8-8B4A-11D0-8D11-00A0C91BC942}") = "13_Struct", "13_Struct\13_Struct.vcxproj", "{1BD0B0BE-014D-4C35-88D7-1514A1448EE3}"
EndProject
Global
	GlobalSection(SolutionConfigurationPlatforms) = preSolution
		Debug|Win32 = Debug|Win32
		Release|Win32 = Release|Win32
	EndGlobalSection
	GlobalSection(ProjectConfigurationPlatforms) = postSolution
		{C5D1D1BB-B9EF-4503-A5C5-2808F567655A}.Debug|Win32.ActiveCfg = Debug|Win32
		{C5D1D1BB-B9EF-4503-A5C5-2808F567655A}.Debug|Win32.Build.0 = Debug|Win32
		{C5D1D1BB-B9EF-4503-A5C5-2808F567655A}.Release|Win32.ActiveCfg = Release|Win32
		{C5D1D1BB-B9EF-4503-A5C5-2808F567655A}.Release|Win32.Build.0 = Release|Win32
		{9FBCB2DD-C684-4560-A56B-0D4E10CF52CA}.Debug|Win32.ActiveCfg = Debug|Win32
		{9FBCB2DD-C684-4560-A56B-0D4E10CF52CA}.Debug|Win32.Build.0 = Debug|Win32
		{9FBCB2DD-C684-4560-A56B-0D4E10CF52CA}.Release|Win32.ActiveCfg = Release|Win32
		{9FBCB2DD-C684-4560-A56B-0D4E10CF52CA}.Release|Win32.Build.0 = Release|Win32
		{6D94A6FF-EC71-41F3-BDBA-9F17D696CBEB}.Debug|Win32.ActiveCfg = Debug|Win32
		{6D94A6FF-EC71-41F3-BDBA-9F17D696CBEB}.Debug|Win32.Build.0 = Debug|Win32
		{6D94A6FF-EC71-41F3-BDBA-9F17D696CBEB}.Release|Win32.ActiveCfg = Release|Win32
		{6D94A6FF-EC71-41F3-BDBA-9F17D696CBEB}.Release|Win32.Build.0 = Release|Win32
		{365CF14D-2641-4FA2-9D05-C1E15EBFDFE3}.Debug|Win32.ActiveCfg = Debug|Win32
		{365CF14D-2641-4FA2-9D05-C1E15EBFDFE3}.Debug|Win32.Build.0 = Debug|Win32
		{365CF14D-2641-4FA2-9D05-C1E15EBFDFE3}.Release|Win32.ActiveCfg = Release|Win32
		{365CF14D-2641-4FA2-9D05-C1E15EBFDFE3}.Release|Win32.Build.0 = Release|Win32
		{697CFA68-40EC-444B-9729-EBF2621AAAF7}.Debug|Win32.ActiveCfg = Debug|Win32
		{697CFA68-40EC-444B-9729-EBF2621AAAF7}.Debug|Win32.Build.0 = Debug|Win32
		{697CFA68-40EC-444B-9729-EBF2621AAAF7}.Release|Win32.ActiveCfg = Release|Win32
		{697CFA68-40EC-444B-9729-EBF2621AAAF7}.Release|Win32.Build.0 = Release|Win32
		{41643358-559A-44DD-AFBB-0B5F086B9469}.Debug|Win32.ActiveCfg = Debug|Win32
		{41643358-559A-44DD-AFBB-0B5F086B9469}.Debug|Win32.Build.0 = Debug|Win32
		{41643358-559A-44DD-AFBB-0B5F086B9469}.Release|Win32.ActiveCfg = Release|Win32
		{41643358-559A-44DD-AFBB-0B5F086B9469}.Release|Win32.Build.0 = Release|Win32
		{19F9ACD0-4527-45FB-BC6C-A3F896147DCA}.Debug|Win32.ActiveCfg = Debug|Win32
		{19F9ACD0-4527-45FB-BC6C-A3F896147DCA}.Debug|Win32.Build.0 = Debug|Win32
		{19F9ACD0-4527-45FB-BC6C-A3F896147DCA}.Release|Win32.ActiveCfg = Release|Win32
		{19F9ACD0-4527-45FB-BC6C-A3F896147DCA}.Release|Win32.Build.0 = Release|Win32
		{F1146960-DE2B-4FAA-A86D-76EFE149FA5A}.Debug|Win32.ActiveCfg = Debug|Win32
		{F1146960-DE2B-4FAA-A86D-76EFE149FA5A}.Debug|Win32.Build.0 = Debug|Win32
		{F1146960-DE2B-4FAA-A86D-76EFE149FA5A}.Release|Win32.ActiveCfg = Release|Win32
		{F1146960-DE2B-4FAA-A86D-76EFE149FA5A}.Release|Win32.Build.0 = Release|Win32
		{ACD5018D-7033-4478-A0E3-C39B47CF5925}.Debug|Win32.ActiveCfg = Debug|Win32
		{ACD5018D-7033-4478-A0E3-C39B47CF5925}.Debug|Win32.Build.0 = Debug|Win32
		{ACD5018D-7033-4478-A0E3-C39B47CF5925}.Release|Win32.ActiveCfg = Release|Win32
		{ACD5018D-7033-4478-A0E3-C39B47CF5925}.Release|Win32.Build.0 = Release|Win32
		{2615714C-305C-4339-9310-F04AB37BF480}.Debug|Win32.ActiveCfg = Debug|Win32
		{2615714C-305C-4339-9310-F04AB37BF480}.Debug|Win32.Build.0 = Debug|Win32
		{2615714C-305C-4339-9310-F04AB37BF480}.Release|Win32.ActiveCfg = Release|Win32
		{2615714C-305C-4339-9310-F04AB37BF480}.Release|Win32.Build.0 = Release|Win32
		{0347ED9A-8346-41FF-8EF0-779CE8BE070F}.Debug|Win32.ActiveCfg = Debug|Win32
		{0347ED9A-8346-41FF-8EF0-779CE8BE070F}.Debug|Win32.Build.0 = Debug|Win32
		{0347ED9A-8346-41FF-8EF0-779CE8BE070F}.Release|Win32.ActiveCfg = Release|Win32
		{0347ED9A-8346-41FF-8EF0-779CE8BE070F}.Release|Win32.Build.0 = Release|Win32
		{3D9D23AB-3C27-45AC-AE4C-ED49054B7011}.Debug|Win32.ActiveCfg = Debug|Win32
		{3D9D23AB-3C27-45AC-AE4C-ED49054B7011}.Debug|Win32.Build.0 = Debug|Win32
		{3D9D23AB-3C27-45AC-AE4C-ED49054B7011}.Release|Win32.ActiveCfg = Release|Win32
		{3D9D23AB-3C27-45AC-AE4C-ED49054B7011}.Release|Win32.Build.0 = Release|Win32
		{290DAAD2-EB8A-4735-9AA2-5C4490B44EA4}.Debug|Win32.ActiveCfg = Debug|Win32
		{290DAAD2-EB8A-4735-9AA2-5C4490B44EA4}.Debug|Win32.Build.0 = Debug|Win32
		{290DAAD2-EB8A-4735-9AA2-5C4490B44EA4}.Release|Win32.ActiveCfg = Release|Win32
		{290DAAD2-EB8A-4735-9AA2-5C4490B44EA4}.Release|Win32.Build.0 = Release|Win32
		{1BD0B0BE-014D-4C35-88D7-1514A1448EE3}.Debug|Win32.ActiveCfg = Debug|Win32
		{1BD0B0BE-014D-4C35-88D7-1514A1448EE3}.Debug|Win32.Build.0 = Debug|Win32
		{1BD0B0BE-014D-4C35-88D7-1514A1448EE3}.Release|Win32.ActiveCfg = Release|Win32
		{1BD0B0BE-014D-4C35-88D7-1514A1448EE3}.Release|Win32.Build.0 = Release|Win32
	EndGlobalSection
	GlobalSection(SolutionProperties) = preSolution
		HideSolutionNode = FALSE
	EndGlobalSection
EndGlobal
